// !$*UTF8*$!
{
	archiveVersion = 1;
	classes = {
	};
	objectVersion = 46;
	objects = {

/* Begin PBXBuildFile section */
		3C446DF51C160495007E48BE /* AppDelegate.swift in Sources */ = {isa = PBXBuildFile; fileRef = 3C446DF41C160495007E48BE /* AppDelegate.swift */; };
		3C446DF71C160495007E48BE /* RootViewController.swift in Sources */ = {isa = PBXBuildFile; fileRef = 3C446DF61C160495007E48BE /* RootViewController.swift */; };
		3C446DF91C160495007E48BE /* DataViewController.swift in Sources */ = {isa = PBXBuildFile; fileRef = 3C446DF81C160495007E48BE /* DataViewController.swift */; };
		3C446DFB1C160495007E48BE /* ModelController.swift in Sources */ = {isa = PBXBuildFile; fileRef = 3C446DFA1C160495007E48BE /* ModelController.swift */; };
		3C446DFE1C160495007E48BE /* Main.storyboard in Resources */ = {isa = PBXBuildFile; fileRef = 3C446DFC1C160495007E48BE /* Main.storyboard */; };
		3C446E001C160495007E48BE /* Assets.xcassets in Resources */ = {isa = PBXBuildFile; fileRef = 3C446DFF1C160495007E48BE /* Assets.xcassets */; };
		3C446E031C160495007E48BE /* LaunchScreen.storyboard in Resources */ = {isa = PBXBuildFile; fileRef = 3C446E011C160495007E48BE /* LaunchScreen.storyboard */; };
/* End PBXBuildFile section */

/* Begin PBXFileReference section */
		3C446DF11C160495007E48BE /* ToastBug.app */ = {isa = PBXFileReference; explicitFileType = wrapper.application; includeInIndex = 0; path = ToastBug.app; sourceTree = BUILT_PRODUCTS_DIR; };
		3C446DF41C160495007E48BE /* AppDelegate.swift */ = {isa = PBXFileReference; lastKnownFileType = sourcecode.swift; path = AppDelegate.swift; sourceTree = "<group>"; };
		3C446DF61C160495007E48BE /* RootViewController.swift */ = {isa = PBXFileReference; lastKnownFileType = sourcecode.swift; path = RootViewController.swift; sourceTree = "<group>"; };
		3C446DF81C160495007E48BE /* DataViewController.swift */ = {isa = PBXFileReference; lastKnownFileType = sourcecode.swift; path = DataViewController.swift; sourceTree = "<group>"; };
		3C446DFA1C160495007E48BE /* ModelController.swift */ = {isa = PBXFileReference; lastKnownFileType = sourcecode.swift; path = ModelController.swift; sourceTree = "<group>"; };
		3C446DFD1C160495007E48BE /* Base */ = {isa = PBXFileReference; lastKnownFileType = file.storyboard; name = Base; path = Base.lproj/Main.storyboard; sourceTree = "<group>"; };
		3C446DFF1C160495007E48BE /* Assets.xcassets */ = {isa = PBXFileReference; lastKnownFileType = folder.assetcatalog; path = Assets.xcassets; sourceTree = "<group>"; };
		3C446E021C160495007E48BE /* Base */ = {isa = PBXFileReference; lastKnownFileType = file.storyboard; name = Base; path = Base.lproj/LaunchScreen.storyboard; sourceTree = "<group>"; };
		3C446E041C160495007E48BE /* Info.plist */ = {isa = PBXFileReference; lastKnownFileType = text.plist.xml; path = Info.plist; sourceTree = "<group>"; };
/* End PBXFileReference section */

/* Begin PBXFrameworksBuildPhase section */
		3C446DEE1C160495007E48BE /* Frameworks */ = {
			isa = PBXFrameworksBuildPhase;
			buildActionMask = 2147483647;
			files = (
			);
			runOnlyForDeploymentPostprocessing = 0;
		};
/* End PBXFrameworksBuildPhase section */

/* Begin PBXGroup section */
		3C446DE81C160495007E48BE = {
			isa = PBXGroup;
			children = (
				3C446DF31C160495007E48BE /* ToastBug */,
				3C446DF21C160495007E48BE /* Products */,
			);
			sourceTree = "<group>";
		};
		3C446DF21C160495007E48BE /* Products */ = {
			isa = PBXGroup;
			children = (
				3C446DF11C160495007E48BE /* ToastBug.app */,
			);
			name = Products;
			sourceTree = "<group>";
		};
		3C446DF31C160495007E48BE /* ToastBug */ = {
			isa = PBXGroup;
			children = (
				3C446DF41C160495007E48BE /* AppDelegate.swift */,
				3C446DF61C160495007E48BE /* RootViewController.swift */,
				3C446DF81C160495007E48BE /* DataViewController.swift */,
				3C446DFA1C160495007E48BE /* ModelController.swift */,
				3C446DFC1C160495007E48BE /* Main.storyboard */,
				3C446DFF1C160495007E48BE /* Assets.xcassets */,
				3C446E011C160495007E48BE /* LaunchScreen.storyboard */,
				3C446E041C160495007E48BE /* Info.plist */,
			);
			path = ToastBug;
			sourceTree = "<group>";
		};
/* End PBXGroup section */

/* Begin PBXNativeTarget section */
		3C446DF01C160495007E48BE /* ToastBug */ = {
			isa = PBXNativeTarget;
			buildConfigurationList = 3C446E071C160495007E48BE /* Build configuration list for PBXNativeTarget "ToastBug" */;
			buildPhases = (
				3C446DED1C160495007E48BE /* Sources */,
				3C446DEE1C160495007E48BE /* Frameworks */,
				3C446DEF1C160495007E48BE /* Resources */,
			);
			buildRules = (
			);
			dependencies = (
			);
			name = ToastBug;
			productName = ToastBug;
			productReference = 3C446DF11C160495007E48BE /* ToastBug.app */;
			productType = "com.apple.product-type.application";
		};
/* End PBXNativeTarget section */

/* Begin PBXProject section */
		3C446DE91C160495007E48BE /* Project object */ = {
			isa = PBXProject;
			attributes = {
				LastSwiftUpdateCheck = 0710;
				LastUpgradeCheck = 0710;
				ORGANIZATIONNAME = mani;
				TargetAttributes = {
					3C446DF01C160495007E48BE = {
						CreatedOnToolsVersion = 7.1.1;
					};
				};
			};
			buildConfigurationList = 3C446DEC1C160495007E48BE /* Build configuration list for PBXProject "ToastBug" */;
			compatibilityVersion = "Xcode 3.2";
			developmentRegion = English;
			hasScannedForEncodings = 0;
			knownRegions = (
				en,
				Base,
			);
			mainGroup = 3C446DE81C160495007E48BE;
			productRefGroup = 3C446DF21C160495007E48BE /* Products */;
			projectDirPath = "";
			projectRoot = "";
			targets = (
				3C446DF01C160495007E48BE /* ToastBug */,
			);
		};
/* End PBXProject section */

/* Begin PBXResourcesBuildPhase section */
		3C446DEF1C160495007E48BE /* Resources */ = {
			isa = PBXResourcesBuildPhase;
			buildActionMask = 2147483647;
			files = (
				3C446E031C160495007E48BE /* LaunchScreen.storyboard in Resources */,
				3C446E001C160495007E48BE /* Assets.xcassets in Resources */,
				3C446DFE1C160495007E48BE /* Main.storyboard in Resources */,
			);
			runOnlyForDeploymentPostprocessing = 0;
		};
/* End PBXResourcesBuildPhase section */

/* Begin PBXSourcesBuildPhase section */
		3C446DED1C160495007E48BE /* Sources */ = {
			isa = PBXSourcesBuildPhase;
			buildActionMask = 2147483647;
			files = (
				3C446DF71C160495007E48BE /* RootViewController.swift in Sources */,
				3C446DFB1C160495007E48BE /* ModelController.swift in Sources */,
				3C446DF91C160495007E48BE /* DataViewController.swift in Sources */,
				3C446DF51C160495007E48BE /* AppDelegate.swift in Sources */,
			);
			runOnlyForDeploymentPostprocessing = 0;
		};
/* End PBXSourcesBuildPhase section */

/* Begin PBXVariantGroup section */
		3C446DFC1C160495007E48BE /* Main.storyboard */ = {
			isa = PBXVariantGroup;
			children = (
				3C446DFD1C160495007E48BE /* Base */,
			);
			name = Main.storyboard;
			sourceTree = "<group>";
		};
		3C446E011C160495007E48BE /* LaunchScreen.storyboard */ = {
			isa = PBXVariantGroup;
			children = (
				3C446E021C160495007E48BE /* Base */,
			);
			name = LaunchScreen.storyboard;
			sourceTree = "<group>";
		};
/* End PBXVariantGroup section */

/* Begin XCBuildConfiguration section */
		3C446E051C160495007E48BE /* Debug */ = {
			isa = XCBuildConfiguration;
			buildSettings = {
				ALWAYS_SEARCH_USER_PATHS = NO;
				CLANG_CXX_LANGUAGE_STANDARD = "gnu++0x";
				CLANG_CXX_LIBRARY = "libc++";
				CLANG_ENABLE_MODULES = YES;
				CLANG_ENABLE_OBJC_ARC = YES;
				CLANG_WARN_BOOL_CONVERSION = YES;
				CLANG_WARN_CONSTANT_CONVERSION = YES;
				CLANG_WARN_DIRECT_OBJC_ISA_USAGE = YES_ERROR;
				CLANG_WARN_EMPTY_BODY = YES;
				CLANG_WARN_ENUM_CONVERSION = YES;
				CLANG_WARN_INT_CONVERSION = YES;
				CLANG_WARN_OBJC_ROOT_CLASS = YES_ERROR;
				CLANG_WARN_UNREACHABLE_CODE = YES;
				CLANG_WARN__DUPLICATE_METHOD_MATCH = YES;
				"CODE_SIGN_IDENTITY[sdk=iphoneos*]" = "iPhone Developer";
				COPY_PHASE_STRIP = NO;
				DEBUG_INFORMATION_FORMAT = dwarf;
				ENABLE_STRICT_OBJC_MSGSEND = YES;
				ENABLE_TESTABILITY = YES;
				GCC_C_LANGUAGE_STANDARD = gnu99;
				GCC_DYNAMIC_NO_PIC = NO;
				GCC_NO_COMMON_BLOCKS = YES;
				GCC_OPTIMIZATION_LEVEL = 0;
				GCC_PREPROCESSOR_DEFINITIONS = (
					"DEBUG=1",
					"$(inherited)",
				);
				GCC_WARN_64_TO_32_BIT_CONVERSION = YES;
				GCC_WARN_ABOUT_RETURN_TYPE = YES_ERROR;
				GCC_WARN_UNDECLARED_SELECTOR = YES;
				GCC_WARN_UNINITIALIZED_AUTOS = YES_AGGRESSIVE;
				GCC_WARN_UNUSED_FUNCTION = YES;
				GCC_WARN_UNUSED_VARIABLE = YES;
				IPHONEOS_DEPLOYMENT_TARGET = 9.1;
				MTL_ENABLE_DEBUG_INFO = YES;
				ONLY_ACTIVE_ARCH = YES;
				SDKROOT = iphoneos;
				SWIFT_OPTIMIZATION_LEVEL = "-Onone";
			};
			name = Debug;
		};
		3C446E061C160495007E48BE /* Release */ = {
			isa = XCBuildConfiguration;
			buildSettings = {
				ALWAYS_SEARCH_USER_PATHS = NO;
				CLANG_CXX_LANGUAGE_STANDARD = "gnu++0x";
				CLANG_CXX_LIBRARY = "libc++";
				CLANG_ENABLE_MODULES = YES;
				CLANG_ENABLE_OBJC_ARC = YES;
				CLANG_WARN_BOOL_CONVERSION = YES;
				CLANG_WARN_CONSTANT_CONVERSION = YES;
				CLANG_WARN_DIRECT_OBJC_ISA_USAGE = YES_ERROR;
				CLANG_WARN_EMPTY_BODY = YES;
				CLANG_WARN_ENUM_CONVERSION = YES;
				CLANG_WARN_INT_CONVERSION = YES;
				CLANG_WARN_OBJC_ROOT_CLASS = YES_ERROR;
				CLANG_WARN_UNREACHABLE_CODE = YES;
				CLANG_WARN__DUPLICATE_METHOD_MATCH = YES;
				"CODE_SIGN_IDENTITY[sdk=iphoneos*]" = "iPhone Developer";
				COPY_PHASE_STRIP = NO;
				DEBUG_INFORMATION_FORMAT = "dwarf-with-dsym";
				ENABLE_NS_ASSERTIONS = NO;
				ENABLE_STRICT_OBJC_MSGSEND = YES;
				GCC_C_LANGUAGE_STANDARD = gnu99;
				GCC_NO_COMMON_BLOCKS = YES;
				GCC_WARN_64_TO_32_BIT_CONVERSION = YES;
				GCC_WARN_ABOUT_RETURN_TYPE = YES_ERROR;
				GCC_WARN_UNDECLARED_SELECTOR = YES;
				GCC_WARN_UNINITIALIZED_AUTOS = YES_AGGRESSIVE;
				GCC_WARN_UNUSED_FUNCTION = YES;
				GCC_WARN_UNUSED_VARIABLE = YES;
				IPHONEOS_DEPLOYMENT_TARGET = 9.1;
				MTL_ENABLE_DEBUG_INFO = NO;
				SDKROOT = iphoneos;
				VALIDATE_PRODUCT = YES;
			};
			name = Release;
		};
		3C446E081C160495007E48BE /* Debug */ = {
			isa = XCBuildConfiguration;
			buildSettings = {
				ASSETCATALOG_COMPILER_APPICON_NAME = AppIcon;
				INFOPLIST_FILE = ToastBug/Info.plist;
				LD_RUNPATH_SEARCH_PATHS = "$(inherited) @executable_path/Frameworks";
				PRODUCT_BUNDLE_IDENTIFIER = com.mani.ToastBug;
				PRODUCT_NAME = "$(TARGET_NAME)";
			};
			name = Debug;
		};
		3C446E091C160495007E48BE /* Release */ = {
			isa = XCBuildConfiguration;
			buildSettings = {
				ASSETCATALOG_COMPILER_APPICON_NAME = AppIcon;
				INFOPLIST_FILE = ToastBug/Info.plist;
				LD_RUNPATH_SEARCH_PATHS = "$(inherited) @executable_path/Frameworks";
				PRODUCT_BUNDLE_IDENTIFIER = com.mani.ToastBug;
				PRODUCT_NAME = "$(TARGET_NAME)";
			};
			name = Release;
		};
/* End XCBuildConfiguration section */

/* Begin XCConfigurationList section */
		3C446DEC1C160495007E48BE /* Build configuration list for PBXProject "ToastBug" */ = {
			isa = XCConfigurationList;
			buildConfigurations = (
				3C446E051C160495007E48BE /* Debug */,
				3C446E061C160495007E48BE /* Release */,
			);
			defaultConfigurationIsVisible = 0;
			defaultConfigurationName = Release;
		};
		3C446E071C160495007E48BE /* Build configuration list for PBXNativeTarget "ToastBug" */ = {
			isa = XCConfigurationList;
			buildConfigurations = (
				3C446E081C160495007E48BE /* Debug */,
				3C446E091C160495007E48BE /* Release */,
			);
			defaultConfigurationIsVisible = 0;
		};
/* End XCConfigurationList section */
	};
	rootObject = 3C446DE91C160495007E48BE /* Project object */;
}
